
Microsoft Visual Studio Solution File, Format Version 12.00
# Visual Studio 14
VisualStudioVersion = 14.0.23107.0
MinimumVisualStudioVersion = 10.0.40219.1
Project("{FAE04EC0-301F-11D3-BF4B-00C04F79EFBC}") = "Expressions", "Expressions\Expressions.csproj", "{D59F3330-83F8-4815-B9FB-A178D8F17553}"
EndProject
Project("{FAE04EC0-301F-11D3-BF4B-00C04F79EFBC}") = "ExpressionTests", "ExpressionTests\ExpressionTests.csproj", "{795F1978-0298-44FD-8CA2-0E2654C3DBAD}"
EndProject
Project("{FAE04EC0-301F-11D3-BF4B-00C04F79EFBC}") = "RpnConsole", "RpnConsole\RpnConsole.csproj", "{C47A84DE-076B-416B-B6D5-CD5E45F6E523}"
EndProject
Project("{2150E333-8FDC-42A3-9474-1A3956D46DE8}") = "Solution Items", "Solution Items", "{61F0465F-81A5-49DA-B504-EDE6E822CD61}"
	ProjectSection(SolutionItems) = preProject
		build.bat = build.bat
		build.fsx = build.fsx
		nuget.exe = nuget.exe
	EndProjectSection
EndProject
Global
	GlobalSection(SolutionConfigurationPlatforms) = preSolution
		Debug|Any CPU = Debug|Any CPU
		Release|Any CPU = Release|Any CPU
	EndGlobalSection
	GlobalSection(ProjectConfigurationPlatforms) = postSolution
		{D59F3330-83F8-4815-B9FB-A178D8F17553}.Debug|Any CPU.ActiveCfg = Debug|Any CPU
		{D59F3330-83F8-4815-B9FB-A178D8F17553}.Debug|Any CPU.Build.0 = Debug|Any CPU
		{D59F3330-83F8-4815-B9FB-A178D8F17553}.Release|Any CPU.ActiveCfg = Release|Any CPU
		{D59F3330-83F8-4815-B9FB-A178D8F17553}.Release|Any CPU.Build.0 = Release|Any CPU
		{795F1978-0298-44FD-8CA2-0E2654C3DBAD}.Debug|Any CPU.ActiveCfg = Debug|Any CPU
		{795F1978-0298-44FD-8CA2-0E2654C3DBAD}.Debug|Any CPU.Build.0 = Debug|Any CPU
		{795F1978-0298-44FD-8CA2-0E2654C3DBAD}.Release|Any CPU.ActiveCfg = Release|Any CPU
		{795F1978-0298-44FD-8CA2-0E2654C3DBAD}.Release|Any CPU.Build.0 = Release|Any CPU
		{C47A84DE-076B-416B-B6D5-CD5E45F6E523}.Debug|Any CPU.ActiveCfg = Debug|Any CPU
		{C47A84DE-076B-416B-B6D5-CD5E45F6E523}.Debug|Any CPU.Build.0 = Debug|Any CPU
		{C47A84DE-076B-416B-B6D5-CD5E45F6E523}.Release|Any CPU.ActiveCfg = Release|Any CPU
		{C47A84DE-076B-416B-B6D5-CD5E45F6E523}.Release|Any CPU.Build.0 = Release|Any CPU
	EndGlobalSection
	GlobalSection(SolutionProperties) = preSolution
		HideSolutionNode = FALSE
	EndGlobalSection
EndGlobal
